
Microsoft Visual Studio Solution File, Format Version 12.00
# Visual Studio Version 16
VisualStudioVersion = 16.0.30804.86
MinimumVisualStudioVersion = 10.0.40219.1
Project("{9A19103F-16F7-4668-BE54-9A1E7A4F7556}") = "Lab_11", "Lab 9\Lab_11.csproj", "{8BD259B9-E3E8-4F63-80B3-25333B9BCE13}"
EndProject
Global
	GlobalSection(SolutionConfigurationPlatforms) = preSolution
		Debug|Any CPU = Debug|Any CPU
		Release|Any CPU = Release|Any CPU
	EndGlobalSection
	GlobalSection(ProjectConfigurationPlatforms) = postSolution
		{8BD259B9-E3E8-4F63-80B3-25333B9BCE13}.Debug|Any CPU.ActiveCfg = Debug|Any CPU
		{8BD259B9-E3E8-4F63-80B3-25333B9BCE13}.Debug|Any CPU.Build.0 = Debug|Any CPU
		{8BD259B9-E3E8-4F63-80B3-25333B9BCE13}.Release|Any CPU.ActiveCfg = Release|Any CPU
		{8BD259B9-E3E8-4F63-80B3-25333B9BCE13}.Release|Any CPU.Build.0 = Release|Any CPU
	EndGlobalSection
	GlobalSection(SolutionProperties) = preSolution
		HideSolutionNode = FALSE
	EndGlobalSection
	GlobalSection(ExtensibilityGlobals) = postSolution
		SolutionGuid = {763C9F42-A56A-491F-A91E-EF70C24F87CA}
	EndGlobalSection
EndGlobal
